# This file is automatically @generated by Cargo.
# It is not intended for manual editing.
version = 4

[[package]]
name = "datom"
version = "0.1.0"
dependencies = [
 "protos",
]

[[package]]
name = "protos"
version = "0.6.0"
source = "git+https://github.com/LiGoldragon/protos?rev=d7dd22cdfac4b02b4fb7f975271448cadb8bd557#d7dd22cdfac4b02b4fb7f975271448cadb8bd557"
