# This file is automatically @generated by Cargo.
# It is not intended for manual editing.
version = 4

[[package]]
name = "datom"
version = "0.1.0"
dependencies = [
 "protos",
]

[[package]]
name = "protos"
version = "0.6.0"
source = "git+https://github.com/LiGoldragon/protos?rev=8a056423e4b69011b17c460d2eb7e668c3b04af7#8a056423e4b69011b17c460d2eb7e668c3b04af7"
