# This file is automatically @generated by Cargo.
# It is not intended for manual editing.
version = 4

[[package]]
name = "datom"
version = "0.1.0"
dependencies = [
 "protos",
]

[[package]]
name = "protos"
version = "0.6.0"
source = "git+https://github.com/LiGoldragon/protos?rev=72cee605fd5b40c879ebd5ee32d1408feaeefc7a#72cee605fd5b40c879ebd5ee32d1408feaeefc7a"
